
Microsoft Visual Studio Solution File, Format Version 12.00
# Visual Studio Version 17
VisualStudioVersion = 17.8.34408.163
MinimumVisualStudioVersion = 10.0.40219.1
Project("{FAE04EC0-301F-11D3-BF4B-00C04F79EFBC}") = "IntegracaoFormularioMVC", "IntegracaoFormularioMVC\IntegracaoFormularioMVC.csproj", "{EBD39B94-85AA-4739-B35C-C0EFAD8954DB}"
EndProject
Global
	GlobalSection(SolutionConfigurationPlatforms) = preSolution
		Debug|Any CPU = Debug|Any CPU
		Release|Any CPU = Release|Any CPU
	EndGlobalSection
	GlobalSection(ProjectConfigurationPlatforms) = postSolution
		{EBD39B94-85AA-4739-B35C-C0EFAD8954DB}.Debug|Any CPU.ActiveCfg = Debug|Any CPU
		{EBD39B94-85AA-4739-B35C-C0EFAD8954DB}.Debug|Any CPU.Build.0 = Debug|Any CPU
		{EBD39B94-85AA-4739-B35C-C0EFAD8954DB}.Release|Any CPU.ActiveCfg = Release|Any CPU
		{EBD39B94-85AA-4739-B35C-C0EFAD8954DB}.Release|Any CPU.Build.0 = Release|Any CPU
	EndGlobalSection
	GlobalSection(SolutionProperties) = preSolution
		HideSolutionNode = FALSE
	EndGlobalSection
	GlobalSection(ExtensibilityGlobals) = postSolution
		SolutionGuid = {09DA4076-9491-418E-8BC7-7F69D814ABCF}
	EndGlobalSection
EndGlobal
